Microsoft Visual Studio Solution File, Format Version 12.00
# Visual Studio Version 17
VisualStudioVersion = 17.5.2.0
MinimumVisualStudioVersion = 10.0.40219.1
Project("{2150E333-8FDC-42A3-9474-1A3956D46DE8}") = "SingletonC#", "SingletonC#", "{8A5FC5E0-BAF1-EF45-7F33-EAC5B3B04CF0}"
EndProject
Project("{FAE04EC0-301F-11D3-BF4B-00C04F79EFBC}") = "Singleton", "SingletonC#\Singleton\Singleton.csproj", "{5CD4338A-EFA6-1B4E-D9EE-F17D0434D1E4}"
EndProject
Global
	GlobalSection(SolutionConfigurationPlatforms) = preSolution
		Debug|Any CPU = Debug|Any CPU
		Release|Any CPU = Release|Any CPU
	EndGlobalSection
	GlobalSection(ProjectConfigurationPlatforms) = postSolution
		{5CD4338A-EFA6-1B4E-D9EE-F17D0434D1E4}.Debug|Any CPU.ActiveCfg = Debug|Any CPU
		{5CD4338A-EFA6-1B4E-D9EE-F17D0434D1E4}.Debug|Any CPU.Build.0 = Debug|Any CPU
		{5CD4338A-EFA6-1B4E-D9EE-F17D0434D1E4}.Release|Any CPU.ActiveCfg = Release|Any CPU
		{5CD4338A-EFA6-1B4E-D9EE-F17D0434D1E4}.Release|Any CPU.Build.0 = Release|Any CPU
	EndGlobalSection
	GlobalSection(SolutionProperties) = preSolution
		HideSolutionNode = FALSE
	EndGlobalSection
	GlobalSection(NestedProjects) = preSolution
		{5CD4338A-EFA6-1B4E-D9EE-F17D0434D1E4} = {8A5FC5E0-BAF1-EF45-7F33-EAC5B3B04CF0}
	EndGlobalSection
	GlobalSection(ExtensibilityGlobals) = postSolution
		SolutionGuid = {AD46E2DB-2442-4025-82F3-C7E9A12BAEA3}
	EndGlobalSection
EndGlobal
